
Microsoft Visual Studio Solution File, Format Version 12.00
# Visual Studio Version 16
VisualStudioVersion = 16.0.31613.86
MinimumVisualStudioVersion = 10.0.40219.1
Project("{FAE04EC0-301F-11D3-BF4B-00C04F79EFBC}") = "CommunityProject", "CommunityProject\CommunityProject.csproj", "{18D8DD59-49F5-465A-A641-D812FD79C6CD}"
EndProject
Global
	GlobalSection(SolutionConfigurationPlatforms) = preSolution
		Debug|Any CPU = Debug|Any CPU
		Release|Any CPU = Release|Any CPU
	EndGlobalSection
	GlobalSection(ProjectConfigurationPlatforms) = postSolution
		{18D8DD59-49F5-465A-A641-D812FD79C6CD}.Debug|Any CPU.ActiveCfg = Debug|Any CPU
		{18D8DD59-49F5-465A-A641-D812FD79C6CD}.Debug|Any CPU.Build.0 = Debug|Any CPU
		{18D8DD59-49F5-465A-A641-D812FD79C6CD}.Release|Any CPU.ActiveCfg = Release|Any CPU
		{18D8DD59-49F5-465A-A641-D812FD79C6CD}.Release|Any CPU.Build.0 = Release|Any CPU
	EndGlobalSection
	GlobalSection(SolutionProperties) = preSolution
		HideSolutionNode = FALSE
	EndGlobalSection
	GlobalSection(ExtensibilityGlobals) = postSolution
		SolutionGuid = {4863EA0A-E54B-42BE-9F24-63AC1576E9C9}
	EndGlobalSection
EndGlobal
